PODS:
  - Alamofire (4.7.3)
  - FBSnapshotTestCase (2.1.4):
    - FBSnapshotTestCase/SwiftSupport (= 2.1.4)
  - FBSnapshotTestCase/Core (2.1.4)
  - FBSnapshotTestCase/SwiftSupport (2.1.4):
    - FBSnapshotTestCase/Core
  - networkCommon (0.0.1):
    - Alamofire (~> 4.7.0)
    - SwiftyJSON (~> 4.0.0)
  - Nimble (7.0.3)
  - Nimble-Snapshots (6.3.0):
    - Nimble-Snapshots/Core (= 6.3.0)
  - Nimble-Snapshots/Core (6.3.0):
    - FBSnapshotTestCase (~> 2.0)
    - Nimble (~> 7.0)
  - Quick (1.2.0)
  - SwiftyJSON (4.0.0)

DEPENDENCIES:
  - FBSnapshotTestCase (~> 2.1.4)
  - networkCommon (from `../`)
  - Nimble (~> 7.0.2)
  - Nimble-Snapshots (~> 6.3.0)
  - Quick (~> 1.2.0)

SPEC REPOS:
  https://github.com/CocoaPods/Specs.git:
    - Alamofire
    - FBSnapshotTestCase
    - Nimble
    - Nimble-Snapshots
    - Quick
    - SwiftyJSON

EXTERNAL SOURCES:
  networkCommon:
    :path: "../"

SPEC CHECKSUMS:
  Alamofire: c7287b6e5d7da964a70935e5db17046b7fde6568
  FBSnapshotTestCase: 094f9f314decbabe373b87cc339bea235a63e07a
  networkCommon: 32d5b1e7cc9a8ad61b4072e8f3e3fdce6fddc935
  Nimble: 7f5a9c447a33002645a071bddafbfb24ea70e0ac
  Nimble-Snapshots: f5459b5b091678dc942d03ec4741cacb58ba4a52
  Quick: 58d203b1c5e27fff7229c4c1ae445ad7069a7a08
  SwiftyJSON: 070dabdcb1beb81b247c65ffa3a79dbbfb3b48aa

PODFILE CHECKSUM: 141d34887eb1ac965c0ec20fa25b9746b7014072

COCOAPODS: 1.5.0
